{
  "originHash" : "470f254c865428a716e039719c3f62eb48b4a613af2bb5352de31613ad45b9b0",
  "pins" : [
    {
      "identity" : "swift-rs",
      "kind" : "remoteSourceControl",
      "location" : "https://github.com/Brendonovich/swift-rs",
      "state" : {
        "revision" : "b5ed223fcdab165bc21219c1925dc1e77e2bef5e",
        "version" : "1.0.6"
      }
    }
  ],
  "version" : 3
}
